
Microsoft Visual Studio Solution File, Format Version 12.00
# Visual Studio 2012
Project("{FAE04EC0-301F-11D3-BF4B-00C04F79EFBC}") = "NVoice", "NVoice\NVoice.csproj", "{299825D8-8EAA-45FA-876A-61D727A69868}"
EndProject
Global
	GlobalSection(SolutionConfigurationPlatforms) = preSolution
		Debug|Any CPU = Debug|Any CPU
		Release|Any CPU = Release|Any CPU
	EndGlobalSection
	GlobalSection(ProjectConfigurationPlatforms) = postSolution
		{299825D8-8EAA-45FA-876A-61D727A69868}.Debug|Any CPU.ActiveCfg = Debug|Any CPU
		{299825D8-8EAA-45FA-876A-61D727A69868}.Debug|Any CPU.Build.0 = Debug|Any CPU
		{299825D8-8EAA-45FA-876A-61D727A69868}.Release|Any CPU.ActiveCfg = Release|Any CPU
		{299825D8-8EAA-45FA-876A-61D727A69868}.Release|Any CPU.Build.0 = Release|Any CPU
	EndGlobalSection
	GlobalSection(SolutionProperties) = preSolution
		HideSolutionNode = FALSE
	EndGlobalSection
EndGlobal
